
Microsoft Visual Studio Solution File, Format Version 12.00
# Visual Studio 14
VisualStudioVersion = 14.0.25420.1
MinimumVisualStudioVersion = 10.0.40219.1
Project("{FAE04EC0-301F-11D3-BF4B-00C04F79EFBC}") = "happy_numbers", "happy_numbers\happy_numbers.csproj", "{FA1ABE75-EE6F-4271-9855-D170F645E79B}"
EndProject
Project("{FAE04EC0-301F-11D3-BF4B-00C04F79EFBC}") = "klasse_mit_Aufbau", "klasse_mit_Aufbau\klasse_mit_Aufbau.csproj", "{AA0244D6-0DB0-4CAF-B6B8-C62AEFC247AD}"
EndProject
Project("{FAE04EC0-301F-11D3-BF4B-00C04F79EFBC}") = "teste_froehlichkeit", "teste_froehlichkeit\teste_froehlichkeit.csproj", "{A2089F6B-3A23-48C2-B90E-5B051AC5D93F}"
EndProject
Global
	GlobalSection(SolutionConfigurationPlatforms) = preSolution
		Debug|Any CPU = Debug|Any CPU
		Release|Any CPU = Release|Any CPU
	EndGlobalSection
	GlobalSection(ProjectConfigurationPlatforms) = postSolution
		{FA1ABE75-EE6F-4271-9855-D170F645E79B}.Debug|Any CPU.ActiveCfg = Debug|Any CPU
		{FA1ABE75-EE6F-4271-9855-D170F645E79B}.Debug|Any CPU.Build.0 = Debug|Any CPU
		{FA1ABE75-EE6F-4271-9855-D170F645E79B}.Release|Any CPU.ActiveCfg = Release|Any CPU
		{FA1ABE75-EE6F-4271-9855-D170F645E79B}.Release|Any CPU.Build.0 = Release|Any CPU
		{AA0244D6-0DB0-4CAF-B6B8-C62AEFC247AD}.Debug|Any CPU.ActiveCfg = Debug|Any CPU
		{AA0244D6-0DB0-4CAF-B6B8-C62AEFC247AD}.Debug|Any CPU.Build.0 = Debug|Any CPU
		{AA0244D6-0DB0-4CAF-B6B8-C62AEFC247AD}.Release|Any CPU.ActiveCfg = Release|Any CPU
		{AA0244D6-0DB0-4CAF-B6B8-C62AEFC247AD}.Release|Any CPU.Build.0 = Release|Any CPU
		{A2089F6B-3A23-48C2-B90E-5B051AC5D93F}.Debug|Any CPU.ActiveCfg = Debug|Any CPU
		{A2089F6B-3A23-48C2-B90E-5B051AC5D93F}.Debug|Any CPU.Build.0 = Debug|Any CPU
		{A2089F6B-3A23-48C2-B90E-5B051AC5D93F}.Release|Any CPU.ActiveCfg = Release|Any CPU
		{A2089F6B-3A23-48C2-B90E-5B051AC5D93F}.Release|Any CPU.Build.0 = Release|Any CPU
	EndGlobalSection
	GlobalSection(SolutionProperties) = preSolution
		HideSolutionNode = FALSE
	EndGlobalSection
EndGlobal
